// !$*UTF8*$!
{
	archiveVersion = 1;
	classes = {
	};
	objectVersion = 48;
	objects = {

/* Begin PBXBuildFile section */
		E39E8D0F1F8E2ABC00CF11B6 /* AppDelegate.swift in Sources */ = {isa = PBXBuildFile; fileRef = E39E8D0E1F8E2ABC00CF11B6 /* AppDelegate.swift */; };
		E39E8D111F8E2ABC00CF11B6 /* ViewController.swift in Sources */ = {isa = PBXBuildFile; fileRef = E39E8D101F8E2ABC00CF11B6 /* ViewController.swift */; };
		E39E8D141F8E2ABC00CF11B6 /* Main.storyboard in Resources */ = {isa = PBXBuildFile; fileRef = E39E8D121F8E2ABC00CF11B6 /* Main.storyboard */; };
		E39E8D161F8E2ABC00CF11B6 /* Assets.xcassets in Resources */ = {isa = PBXBuildFile; fileRef = E39E8D151F8E2ABC00CF11B6 /* Assets.xcassets */; };
		E39E8D191F8E2ABC00CF11B6 /* LaunchScreen.storyboard in Resources */ = {isa = PBXBuildFile; fileRef = E39E8D171F8E2ABC00CF11B6 /* LaunchScreen.storyboard */; };
		E39E8D241F8E2ABC00CF11B6 /* ContractorAppTests.swift in Sources */ = {isa = PBXBuildFile; fileRef = E39E8D231F8E2ABC00CF11B6 /* ContractorAppTests.swift */; };
		E39E8D2F1F8E2ABC00CF11B6 /* ContractorAppUITests.swift in Sources */ = {isa = PBXBuildFile; fileRef = E39E8D2E1F8E2ABC00CF11B6 /* ContractorAppUITests.swift */; };
/* End PBXBuildFile section */

/* Begin PBXContainerItemProxy section */
		E39E8D201F8E2ABC00CF11B6 /* PBXContainerItemProxy */ = {
			isa = PBXContainerItemProxy;
			containerPortal = E39E8D031F8E2ABC00CF11B6 /* Project object */;
			proxyType = 1;
			remoteGlobalIDString = E39E8D0A1F8E2ABC00CF11B6;
			remoteInfo = ContractorApp;
		};
		E39E8D2B1F8E2ABC00CF11B6 /* PBXContainerItemProxy */ = {
			isa = PBXContainerItemProxy;
			containerPortal = E39E8D031F8E2ABC00CF11B6 /* Project object */;
			proxyType = 1;
			remoteGlobalIDString = E39E8D0A1F8E2ABC00CF11B6;
			remoteInfo = ContractorApp;
		};
/* End PBXContainerItemProxy section */

/* Begin PBXFileReference section */
		E39E8D0B1F8E2ABC00CF11B6 /* ContractorApp.app */ = {isa = PBXFileReference; explicitFileType = wrapper.application; includeInIndex = 0; path = ContractorApp.app; sourceTree = BUILT_PRODUCTS_DIR; };
		E39E8D0E1F8E2ABC00CF11B6 /* AppDelegate.swift */ = {isa = PBXFileReference; lastKnownFileType = sourcecode.swift; path = AppDelegate.swift; sourceTree = "<group>"; };
		E39E8D101F8E2ABC00CF11B6 /* ViewController.swift */ = {isa = PBXFileReference; lastKnownFileType = sourcecode.swift; path = ViewController.swift; sourceTree = "<group>"; };
		E39E8D131F8E2ABC00CF11B6 /* Base */ = {isa = PBXFileReference; lastKnownFileType = file.storyboard; name = Base; path = Base.lproj/Main.storyboard; sourceTree = "<group>"; };
		E39E8D151F8E2ABC00CF11B6 /* Assets.xcassets */ = {isa = PBXFileReference; lastKnownFileType = folder.assetcatalog; path = Assets.xcassets; sourceTree = "<group>"; };
		E39E8D181F8E2ABC00CF11B6 /* Base */ = {isa = PBXFileReference; lastKnownFileType = file.storyboard; name = Base; path = Base.lproj/LaunchScreen.storyboard; sourceTree = "<group>"; };
		E39E8D1A1F8E2ABC00CF11B6 /* Info.plist */ = {isa = PBXFileReference; lastKnownFileType = text.plist.xml; path = Info.plist; sourceTree = "<group>"; };
		E39E8D1F1F8E2ABC00CF11B6 /* ContractorAppTests.xctest */ = {isa = PBXFileReference; explicitFileType = wrapper.cfbundle; includeInIndex = 0; path = ContractorAppTests.xctest; sourceTree = BUILT_PRODUCTS_DIR; };
		E39E8D231F8E2ABC00CF11B6 /* ContractorAppTests.swift */ = {isa = PBXFileReference; lastKnownFileType = sourcecode.swift; path = ContractorAppTests.swift; sourceTree = "<group>"; };
		E39E8D251F8E2ABC00CF11B6 /* Info.plist */ = {isa = PBXFileReference; lastKnownFileType = text.plist.xml; path = Info.plist; sourceTree = "<group>"; };
		E39E8D2A1F8E2ABC00CF11B6 /* ContractorAppUITests.xctest */ = {isa = PBXFileReference; explicitFileType = wrapper.cfbundle; includeInIndex = 0; path = ContractorAppUITests.xctest; sourceTree = BUILT_PRODUCTS_DIR; };
		E39E8D2E1F8E2ABC00CF11B6 /* ContractorAppUITests.swift */ = {isa = PBXFileReference; lastKnownFileType = sourcecode.swift; path = ContractorAppUITests.swift; sourceTree = "<group>"; };
		E39E8D301F8E2ABC00CF11B6 /* Info.plist */ = {isa = PBXFileReference; lastKnownFileType = text.plist.xml; path = Info.plist; sourceTree = "<group>"; };
/* End PBXFileReference section */

/* Begin PBXFrameworksBuildPhase section */
		E39E8D081F8E2ABC00CF11B6 /* Frameworks */ = {
			isa = PBXFrameworksBuildPhase;
			buildActionMask = 2147483647;
			files = (
			);
			runOnlyForDeploymentPostprocessing = 0;
		};
		E39E8D1C1F8E2ABC00CF11B6 /* Frameworks */ = {
			isa = PBXFrameworksBuildPhase;
			buildActionMask = 2147483647;
			files = (
			);
			runOnlyForDeploymentPostprocessing = 0;
		};
		E39E8D271F8E2ABC00CF11B6 /* Frameworks */ = {
			isa = PBXFrameworksBuildPhase;
			buildActionMask = 2147483647;
			files = (
			);
			runOnlyForDeploymentPostprocessing = 0;
		};
/* End PBXFrameworksBuildPhase section */

/* Begin PBXGroup section */
		E39E8D021F8E2ABC00CF11B6 = {
			isa = PBXGroup;
			children = (
				E39E8D0D1F8E2ABC00CF11B6 /* ContractorApp */,
				E39E8D221F8E2ABC00CF11B6 /* ContractorAppTests */,
				E39E8D2D1F8E2ABC00CF11B6 /* ContractorAppUITests */,
				E39E8D0C1F8E2ABC00CF11B6 /* Products */,
			);
			sourceTree = "<group>";
		};
		E39E8D0C1F8E2ABC00CF11B6 /* Products */ = {
			isa = PBXGroup;
			children = (
				E39E8D0B1F8E2ABC00CF11B6 /* ContractorApp.app */,
				E39E8D1F1F8E2ABC00CF11B6 /* ContractorAppTests.xctest */,
				E39E8D2A1F8E2ABC00CF11B6 /* ContractorAppUITests.xctest */,
			);
			name = Products;
			sourceTree = "<group>";
		};
		E39E8D0D1F8E2ABC00CF11B6 /* ContractorApp */ = {
			isa = PBXGroup;
			children = (
				E39E8D0E1F8E2ABC00CF11B6 /* AppDelegate.swift */,
				E39E8D101F8E2ABC00CF11B6 /* ViewController.swift */,
				E39E8D121F8E2ABC00CF11B6 /* Main.storyboard */,
				E39E8D151F8E2ABC00CF11B6 /* Assets.xcassets */,
				E39E8D171F8E2ABC00CF11B6 /* LaunchScreen.storyboard */,
				E39E8D1A1F8E2ABC00CF11B6 /* Info.plist */,
			);
			path = ContractorApp;
			sourceTree = "<group>";
		};
		E39E8D221F8E2ABC00CF11B6 /* ContractorAppTests */ = {
			isa = PBXGroup;
			children = (
				E39E8D231F8E2ABC00CF11B6 /* ContractorAppTests.swift */,
				E39E8D251F8E2ABC00CF11B6 /* Info.plist */,
			);
			path = ContractorAppTests;
			sourceTree = "<group>";
		};
		E39E8D2D1F8E2ABC00CF11B6 /* ContractorAppUITests */ = {
			isa = PBXGroup;
			children = (
				E39E8D2E1F8E2ABC00CF11B6 /* ContractorAppUITests.swift */,
				E39E8D301F8E2ABC00CF11B6 /* Info.plist */,
			);
			path = ContractorAppUITests;
			sourceTree = "<group>";
		};
/* End PBXGroup section */

/* Begin PBXNativeTarget section */
		E39E8D0A1F8E2ABC00CF11B6 /* ContractorApp */ = {
			isa = PBXNativeTarget;
			buildConfigurationList = E39E8D331F8E2ABC00CF11B6 /* Build configuration list for PBXNativeTarget "ContractorApp" */;
			buildPhases = (
				E39E8D071F8E2ABC00CF11B6 /* Sources */,
				E39E8D081F8E2ABC00CF11B6 /* Frameworks */,
				E39E8D091F8E2ABC00CF11B6 /* Resources */,
			);
			buildRules = (
			);
			dependencies = (
			);
			name = ContractorApp;
			productName = ContractorApp;
			productReference = E39E8D0B1F8E2ABC00CF11B6 /* ContractorApp.app */;
			productType = "com.apple.product-type.application";
		};
		E39E8D1E1F8E2ABC00CF11B6 /* ContractorAppTests */ = {
			isa = PBXNativeTarget;
			buildConfigurationList = E39E8D361F8E2ABC00CF11B6 /* Build configuration list for PBXNativeTarget "ContractorAppTests" */;
			buildPhases = (
				E39E8D1B1F8E2ABC00CF11B6 /* Sources */,
				E39E8D1C1F8E2ABC00CF11B6 /* Frameworks */,
				E39E8D1D1F8E2ABC00CF11B6 /* Resources */,
			);
			buildRules = (
			);
			dependencies = (
				E39E8D211F8E2ABC00CF11B6 /* PBXTargetDependency */,
			);
			name = ContractorAppTests;
			productName = ContractorAppTests;
			productReference = E39E8D1F1F8E2ABC00CF11B6 /* ContractorAppTests.xctest */;
			productType = "com.apple.product-type.bundle.unit-test";
		};
		E39E8D291F8E2ABC00CF11B6 /* ContractorAppUITests */ = {
			isa = PBXNativeTarget;
			buildConfigurationList = E39E8D391F8E2ABC00CF11B6 /* Build configuration list for PBXNativeTarget "ContractorAppUITests" */;
			buildPhases = (
				E39E8D261F8E2ABC00CF11B6 /* Sources */,
				E39E8D271F8E2ABC00CF11B6 /* Frameworks */,
				E39E8D281F8E2ABC00CF11B6 /* Resources */,
			);
			buildRules = (
			);
			dependencies = (
				E39E8D2C1F8E2ABC00CF11B6 /* PBXTargetDependency */,
			);
			name = ContractorAppUITests;
			productName = ContractorAppUITests;
			productReference = E39E8D2A1F8E2ABC00CF11B6 /* ContractorAppUITests.xctest */;
			productType = "com.apple.product-type.bundle.ui-testing";
		};
/* End PBXNativeTarget section */

/* Begin PBXProject section */
		E39E8D031F8E2ABC00CF11B6 /* Project object */ = {
			isa = PBXProject;
			attributes = {
				LastSwiftUpdateCheck = 0900;
				LastUpgradeCheck = 0900;
				ORGANIZATIONNAME = Team5;
				TargetAttributes = {
					E39E8D0A1F8E2ABC00CF11B6 = {
						CreatedOnToolsVersion = 9.0;
						ProvisioningStyle = Automatic;
					};
					E39E8D1E1F8E2ABC00CF11B6 = {
						CreatedOnToolsVersion = 9.0;
						ProvisioningStyle = Automatic;
						TestTargetID = E39E8D0A1F8E2ABC00CF11B6;
					};
					E39E8D291F8E2ABC00CF11B6 = {
						CreatedOnToolsVersion = 9.0;
						ProvisioningStyle = Automatic;
						TestTargetID = E39E8D0A1F8E2ABC00CF11B6;
					};
				};
			};
			buildConfigurationList = E39E8D061F8E2ABC00CF11B6 /* Build configuration list for PBXProject "ContractorApp" */;
			compatibilityVersion = "Xcode 8.0";
			developmentRegion = en;
			hasScannedForEncodings = 0;
			knownRegions = (
				en,
				Base,
			);
			mainGroup = E39E8D021F8E2ABC00CF11B6;
			productRefGroup = E39E8D0C1F8E2ABC00CF11B6 /* Products */;
			projectDirPath = "";
			projectRoot = "";
			targets = (
				E39E8D0A1F8E2ABC00CF11B6 /* ContractorApp */,
				E39E8D1E1F8E2ABC00CF11B6 /* ContractorAppTests */,
				E39E8D291F8E2ABC00CF11B6 /* ContractorAppUITests */,
			);
		};
/* End PBXProject section */

/* Begin PBXResourcesBuildPhase section */
		E39E8D091F8E2ABC00CF11B6 /* Resources */ = {
			isa = PBXResourcesBuildPhase;
			buildActionMask = 2147483647;
			files = (
				E39E8D191F8E2ABC00CF11B6 /* LaunchScreen.storyboard in Resources */,
				E39E8D161F8E2ABC00CF11B6 /* Assets.xcassets in Resources */,
				E39E8D141F8E2ABC00CF11B6 /* Main.storyboard in Resources */,
			);
			runOnlyForDeploymentPostprocessing = 0;
		};
		E39E8D1D1F8E2ABC00CF11B6 /* Resources */ = {
			isa = PBXResourcesBuildPhase;
			buildActionMask = 2147483647;
			files = (
			);
			runOnlyForDeploymentPostprocessing = 0;
		};
		E39E8D281F8E2ABC00CF11B6 /* Resources */ = {
			isa = PBXResourcesBuildPhase;
			buildActionMask = 2147483647;
			files = (
			);
			runOnlyForDeploymentPostprocessing = 0;
		};
/* End PBXResourcesBuildPhase section */

/* Begin PBXSourcesBuildPhase section */
		E39E8D071F8E2ABC00CF11B6 /* Sources */ = {
			isa = PBXSourcesBuildPhase;
			buildActionMask = 2147483647;
			files = (
				E39E8D111F8E2ABC00CF11B6 /* ViewController.swift in Sources */,
				E39E8D0F1F8E2ABC00CF11B6 /* AppDelegate.swift in Sources */,
			);
			runOnlyForDeploymentPostprocessing = 0;
		};
		E39E8D1B1F8E2ABC00CF11B6 /* Sources */ = {
			isa = PBXSourcesBuildPhase;
			buildActionMask = 2147483647;
			files = (
				E39E8D241F8E2ABC00CF11B6 /* ContractorAppTests.swift in Sources */,
			);
			runOnlyForDeploymentPostprocessing = 0;
		};
		E39E8D261F8E2ABC00CF11B6 /* Sources */ = {
			isa = PBXSourcesBuildPhase;
			buildActionMask = 2147483647;
			files = (
				E39E8D2F1F8E2ABC00CF11B6 /* ContractorAppUITests.swift in Sources */,
			);
			runOnlyForDeploymentPostprocessing = 0;
		};
/* End PBXSourcesBuildPhase section */

/* Begin PBXTargetDependency section */
		E39E8D211F8E2ABC00CF11B6 /* PBXTargetDependency */ = {
			isa = PBXTargetDependency;
			target = E39E8D0A1F8E2ABC00CF11B6 /* ContractorApp */;
			targetProxy = E39E8D201F8E2ABC00CF11B6 /* PBXContainerItemProxy */;
		};
		E39E8D2C1F8E2ABC00CF11B6 /* PBXTargetDependency */ = {
			isa = PBXTargetDependency;
			target = E39E8D0A1F8E2ABC00CF11B6 /* ContractorApp */;
			targetProxy = E39E8D2B1F8E2ABC00CF11B6 /* PBXContainerItemProxy */;
		};
/* End PBXTargetDependency section */

/* Begin PBXVariantGroup section */
		E39E8D121F8E2ABC00CF11B6 /* Main.storyboard */ = {
			isa = PBXVariantGroup;
			children = (
				E39E8D131F8E2ABC00CF11B6 /* Base */,
			);
			name = Main.storyboard;
			sourceTree = "<group>";
		};
		E39E8D171F8E2ABC00CF11B6 /* LaunchScreen.storyboard */ = {
			isa = PBXVariantGroup;
			children = (
				E39E8D181F8E2ABC00CF11B6 /* Base */,
			);
			name = LaunchScreen.storyboard;
			sourceTree = "<group>";
		};
/* End PBXVariantGroup section */

/* Begin XCBuildConfiguration section */
		E39E8D311F8E2ABC00CF11B6 /* Debug */ = {
			isa = XCBuildConfiguration;
			buildSettings = {
				ALWAYS_SEARCH_USER_PATHS = NO;
				CLANG_ANALYZER_NONNULL = YES;
				CLANG_ANALYZER_NUMBER_OBJECT_CONVERSION = YES_AGGRESSIVE;
				CLANG_CXX_LANGUAGE_STANDARD = "gnu++14";
				CLANG_CXX_LIBRARY = "libc++";
				CLANG_ENABLE_MODULES = YES;
				CLANG_ENABLE_OBJC_ARC = YES;
				CLANG_WARN_BLOCK_CAPTURE_AUTORELEASING = YES;
				CLANG_WARN_BOOL_CONVERSION = YES;
				CLANG_WARN_COMMA = YES;
				CLANG_WARN_CONSTANT_CONVERSION = YES;
				CLANG_WARN_DIRECT_OBJC_ISA_USAGE = YES_ERROR;
				CLANG_WARN_DOCUMENTATION_COMMENTS = YES;
				CLANG_WARN_EMPTY_BODY = YES;
				CLANG_WARN_ENUM_CONVERSION = YES;
				CLANG_WARN_INFINITE_RECURSION = YES;
				CLANG_WARN_INT_CONVERSION = YES;
				CLANG_WARN_NON_LITERAL_NULL_CONVERSION = YES;
				CLANG_WARN_OBJC_LITERAL_CONVERSION = YES;
				CLANG_WARN_OBJC_ROOT_CLASS = YES_ERROR;
				CLANG_WARN_RANGE_LOOP_ANALYSIS = YES;
				CLANG_WARN_STRICT_PROTOTYPES = YES;
				CLANG_WARN_SUSPICIOUS_MOVE = YES;
				CLANG_WARN_UNGUARDED_AVAILABILITY = YES_AGGRESSIVE;
				CLANG_WARN_UNREACHABLE_CODE = YES;
				CLANG_WARN__DUPLICATE_METHOD_MATCH = YES;
				CODE_SIGN_IDENTITY = "iPhone Developer";
				COPY_PHASE_STRIP = NO;
				DEBUG_INFORMATION_FORMAT = dwarf;
				ENABLE_STRICT_OBJC_MSGSEND = YES;
				ENABLE_TESTABILITY = YES;
				GCC_C_LANGUAGE_STANDARD = gnu11;
				GCC_DYNAMIC_NO_PIC = NO;
				GCC_NO_COMMON_BLOCKS = YES;
				GCC_OPTIMIZATION_LEVEL = 0;
				GCC_PREPROCESSOR_DEFINITIONS = (
					"DEBUG=1",
					"$(inherited)",
				);
				GCC_WARN_64_TO_32_BIT_CONVERSION = YES;
				GCC_WARN_ABOUT_RETURN_TYPE = YES_ERROR;
				GCC_WARN_UNDECLARED_SELECTOR = YES;
				GCC_WARN_UNINITIALIZED_AUTOS = YES_AGGRESSIVE;
				GCC_WARN_UNUSED_FUNCTION = YES;
				GCC_WARN_UNUSED_VARIABLE = YES;
				IPHONEOS_DEPLOYMENT_TARGET = 11.0;
				MTL_ENABLE_DEBUG_INFO = YES;
				ONLY_ACTIVE_ARCH = YES;
				SDKROOT = iphoneos;
				SWIFT_ACTIVE_COMPILATION_CONDITIONS = DEBUG;
				SWIFT_OPTIMIZATION_LEVEL = "-Onone";
			};
			name = Debug;
		};
		E39E8D321F8E2ABC00CF11B6 /* Release */ = {
			isa = XCBuildConfiguration;
			buildSettings = {
				ALWAYS_SEARCH_USER_PATHS = NO;
				CLANG_ANALYZER_NONNULL = YES;
				CLANG_ANALYZER_NUMBER_OBJECT_CONVERSION = YES_AGGRESSIVE;
				CLANG_CXX_LANGUAGE_STANDARD = "gnu++14";
				CLANG_CXX_LIBRARY = "libc++";
				CLANG_ENABLE_MODULES = YES;
				CLANG_ENABLE_OBJC_ARC = YES;
				CLANG_WARN_BLOCK_CAPTURE_AUTORELEASING = YES;
				CLANG_WARN_BOOL_CONVERSION = YES;
				CLANG_WARN_COMMA = YES;
				CLANG_WARN_CONSTANT_CONVERSION = YES;
				CLANG_WARN_DIRECT_OBJC_ISA_USAGE = YES_ERROR;
				CLANG_WARN_DOCUMENTATION_COMMENTS = YES;
				CLANG_WARN_EMPTY_BODY = YES;
				CLANG_WARN_ENUM_CONVERSION = YES;
				CLANG_WARN_INFINITE_RECURSION = YES;
				CLANG_WARN_INT_CONVERSION = YES;
				CLANG_WARN_NON_LITERAL_NULL_CONVERSION = YES;
				CLANG_WARN_OBJC_LITERAL_CONVERSION = YES;
				CLANG_WARN_OBJC_ROOT_CLASS = YES_ERROR;
				CLANG_WARN_RANGE_LOOP_ANALYSIS = YES;
				CLANG_WARN_STRICT_PROTOTYPES = YES;
				CLANG_WARN_SUSPICIOUS_MOVE = YES;
				CLANG_WARN_UNGUARDED_AVAILABILITY = YES_AGGRESSIVE;
				CLANG_WARN_UNREACHABLE_CODE = YES;
				CLANG_WARN__DUPLICATE_METHOD_MATCH = YES;
				CODE_SIGN_IDENTITY = "iPhone Developer";
				COPY_PHASE_STRIP = NO;
				DEBUG_INFORMATION_FORMAT = "dwarf-with-dsym";
				ENABLE_NS_ASSERTIONS = NO;
				ENABLE_STRICT_OBJC_MSGSEND = YES;
				GCC_C_LANGUAGE_STANDARD = gnu11;
				GCC_NO_COMMON_BLOCKS = YES;
				GCC_WARN_64_TO_32_BIT_CONVERSION = YES;
				GCC_WARN_ABOUT_RETURN_TYPE = YES_ERROR;
				GCC_WARN_UNDECLARED_SELECTOR = YES;
				GCC_WARN_UNINITIALIZED_AUTOS = YES_AGGRESSIVE;
				GCC_WARN_UNUSED_FUNCTION = YES;
				GCC_WARN_UNUSED_VARIABLE = YES;
				IPHONEOS_DEPLOYMENT_TARGET = 11.0;
				MTL_ENABLE_DEBUG_INFO = NO;
				SDKROOT = iphoneos;
				SWIFT_OPTIMIZATION_LEVEL = "-Owholemodule";
				VALIDATE_PRODUCT = YES;
			};
			name = Release;
		};
		E39E8D341F8E2ABC00CF11B6 /* Debug */ = {
			isa = XCBuildConfiguration;
			buildSettings = {
				ASSETCATALOG_COMPILER_APPICON_NAME = AppIcon;
				CODE_SIGN_STYLE = Automatic;
				DEVELOPMENT_TEAM = C2R8DUWH2Y;
				INFOPLIST_FILE = ContractorApp/Info.plist;
				LD_RUNPATH_SEARCH_PATHS = "$(inherited) @executable_path/Frameworks";
				PRODUCT_BUNDLE_IDENTIFIER = T5.ContractorApp;
				PRODUCT_NAME = "$(TARGET_NAME)";
				SWIFT_VERSION = 4.0;
				TARGETED_DEVICE_FAMILY = "1,2";
			};
			name = Debug;
		};
		E39E8D351F8E2ABC00CF11B6 /* Release */ = {
			isa = XCBuildConfiguration;
			buildSettings = {
				ASSETCATALOG_COMPILER_APPICON_NAME = AppIcon;
				CODE_SIGN_STYLE = Automatic;
				DEVELOPMENT_TEAM = C2R8DUWH2Y;
				INFOPLIST_FILE = ContractorApp/Info.plist;
				LD_RUNPATH_SEARCH_PATHS = "$(inherited) @executable_path/Frameworks";
				PRODUCT_BUNDLE_IDENTIFIER = T5.ContractorApp;
				PRODUCT_NAME = "$(TARGET_NAME)";
				SWIFT_VERSION = 4.0;
				TARGETED_DEVICE_FAMILY = "1,2";
			};
			name = Release;
		};
		E39E8D371F8E2ABC00CF11B6 /* Debug */ = {
			isa = XCBuildConfiguration;
			buildSettings = {
				ALWAYS_EMBED_SWIFT_STANDARD_LIBRARIES = YES;
				BUNDLE_LOADER = "$(TEST_HOST)";
				CODE_SIGN_STYLE = Automatic;
				DEVELOPMENT_TEAM = C2R8DUWH2Y;
				INFOPLIST_FILE = ContractorAppTests/Info.plist;
				LD_RUNPATH_SEARCH_PATHS = "$(inherited) @executable_path/Frameworks @loader_path/Frameworks";
				PRODUCT_BUNDLE_IDENTIFIER = T5.ContractorAppTests;
				PRODUCT_NAME = "$(TARGET_NAME)";
				SWIFT_VERSION = 4.0;
				TARGETED_DEVICE_FAMILY = "1,2";
				TEST_HOST = "$(BUILT_PRODUCTS_DIR)/ContractorApp.app/ContractorApp";
			};
			name = Debug;
		};
		E39E8D381F8E2ABC00CF11B6 /* Release */ = {
			isa = XCBuildConfiguration;
			buildSettings = {
				ALWAYS_EMBED_SWIFT_STANDARD_LIBRARIES = YES;
				BUNDLE_LOADER = "$(TEST_HOST)";
				CODE_SIGN_STYLE = Automatic;
				DEVELOPMENT_TEAM = C2R8DUWH2Y;
				INFOPLIST_FILE = ContractorAppTests/Info.plist;
				LD_RUNPATH_SEARCH_PATHS = "$(inherited) @executable_path/Frameworks @loader_path/Frameworks";
				PRODUCT_BUNDLE_IDENTIFIER = T5.ContractorAppTests;
				PRODUCT_NAME = "$(TARGET_NAME)";
				SWIFT_VERSION = 4.0;
				TARGETED_DEVICE_FAMILY = "1,2";
				TEST_HOST = "$(BUILT_PRODUCTS_DIR)/ContractorApp.app/ContractorApp";
			};
			name = Release;
		};
		E39E8D3A1F8E2ABC00CF11B6 /* Debug */ = {
			isa = XCBuildConfiguration;
			buildSettings = {
				ALWAYS_EMBED_SWIFT_STANDARD_LIBRARIES = YES;
				CODE_SIGN_STYLE = Automatic;
				DEVELOPMENT_TEAM = C2R8DUWH2Y;
				INFOPLIST_FILE = ContractorAppUITests/Info.plist;
				LD_RUNPATH_SEARCH_PATHS = "$(inherited) @executable_path/Frameworks @loader_path/Frameworks";
				PRODUCT_BUNDLE_IDENTIFIER = T5.ContractorAppUITests;
				PRODUCT_NAME = "$(TARGET_NAME)";
				SWIFT_VERSION = 4.0;
				TARGETED_DEVICE_FAMILY = "1,2";
				TEST_TARGET_NAME = ContractorApp;
			};
			name = Debug;
		};
		E39E8D3B1F8E2ABC00CF11B6 /* Release */ = {
			isa = XCBuildConfiguration;
			buildSettings = {
				ALWAYS_EMBED_SWIFT_STANDARD_LIBRARIES = YES;
				CODE_SIGN_STYLE = Automatic;
				DEVELOPMENT_TEAM = C2R8DUWH2Y;
				INFOPLIST_FILE = ContractorAppUITests/Info.plist;
				LD_RUNPATH_SEARCH_PATHS = "$(inherited) @executable_path/Frameworks @loader_path/Frameworks";
				PRODUCT_BUNDLE_IDENTIFIER = T5.ContractorAppUITests;
				PRODUCT_NAME = "$(TARGET_NAME)";
				SWIFT_VERSION = 4.0;
				TARGETED_DEVICE_FAMILY = "1,2";
				TEST_TARGET_NAME = ContractorApp;
			};
			name = Release;
		};
/* End XCBuildConfiguration section */

/* Begin XCConfigurationList section */
		E39E8D061F8E2ABC00CF11B6 /* Build configuration list for PBXProject "ContractorApp" */ = {
			isa = XCConfigurationList;
			buildConfigurations = (
				E39E8D311F8E2ABC00CF11B6 /* Debug */,
				E39E8D321F8E2ABC00CF11B6 /* Release */,
			);
			defaultConfigurationIsVisible = 0;
			defaultConfigurationName = Release;
		};
		E39E8D331F8E2ABC00CF11B6 /* Build configuration list for PBXNativeTarget "ContractorApp" */ = {
			isa = XCConfigurationList;
			buildConfigurations = (
				E39E8D341F8E2ABC00CF11B6 /* Debug */,
				E39E8D351F8E2ABC00CF11B6 /* Release */,
			);
			defaultConfigurationIsVisible = 0;
			defaultConfigurationName = Release;
		};
		E39E8D361F8E2ABC00CF11B6 /* Build configuration list for PBXNativeTarget "ContractorAppTests" */ = {
			isa = XCConfigurationList;
			buildConfigurations = (
				E39E8D371F8E2ABC00CF11B6 /* Debug */,
				E39E8D381F8E2ABC00CF11B6 /* Release */,
			);
			defaultConfigurationIsVisible = 0;
			defaultConfigurationName = Release;
		};
		E39E8D391F8E2ABC00CF11B6 /* Build configuration list for PBXNativeTarget "ContractorAppUITests" */ = {
			isa = XCConfigurationList;
			buildConfigurations = (
				E39E8D3A1F8E2ABC00CF11B6 /* Debug */,
				E39E8D3B1F8E2ABC00CF11B6 /* Release */,
			);
			defaultConfigurationIsVisible = 0;
			defaultConfigurationName = Release;
		};
/* End XCConfigurationList section */
	};
	rootObject = E39E8D031F8E2ABC00CF11B6 /* Project object */;
}
